
Microsoft Visual Studio Solution File, Format Version 12.00
# Visual Studio 15
VisualStudioVersion = 15.0.28307.852
MinimumVisualStudioVersion = 10.0.40219.1
Project("{9A19103F-16F7-4668-BE54-9A1E7A4F7556}") = "pCloudCore", "pCloudCore\pCloudCore.csproj", "{8B344AA5-554B-4E8F-B198-53AFB5A82935}"
	ProjectSection(ProjectDependencies) = postProject
		{3D888445-F8C0-4876-B594-6B6E51315489} = {3D888445-F8C0-4876-B594-6B6E51315489}
	EndProjectSection
EndProject
Project("{9A19103F-16F7-4668-BE54-9A1E7A4F7556}") = "TestCore", "TestCore\TestCore.csproj", "{47316B40-22D5-4046-96B7-E98D61CD0190}"
EndProject
Project("{FAE04EC0-301F-11D3-BF4B-00C04F79EFBC}") = "pCloudDesktop", "pCloudDesktop\pCloudDesktop.csproj", "{3D888445-F8C0-4876-B594-6B6E51315489}"
EndProject
Global
	GlobalSection(SolutionConfigurationPlatforms) = preSolution
		Debug|Any CPU = Debug|Any CPU
		Release|Any CPU = Release|Any CPU
	EndGlobalSection
	GlobalSection(ProjectConfigurationPlatforms) = postSolution
		{8B344AA5-554B-4E8F-B198-53AFB5A82935}.Debug|Any CPU.ActiveCfg = Debug|Any CPU
		{8B344AA5-554B-4E8F-B198-53AFB5A82935}.Debug|Any CPU.Build.0 = Debug|Any CPU
		{8B344AA5-554B-4E8F-B198-53AFB5A82935}.Release|Any CPU.ActiveCfg = Release|Any CPU
		{8B344AA5-554B-4E8F-B198-53AFB5A82935}.Release|Any CPU.Build.0 = Release|Any CPU
		{47316B40-22D5-4046-96B7-E98D61CD0190}.Debug|Any CPU.ActiveCfg = Debug|Any CPU
		{47316B40-22D5-4046-96B7-E98D61CD0190}.Debug|Any CPU.Build.0 = Debug|Any CPU
		{47316B40-22D5-4046-96B7-E98D61CD0190}.Release|Any CPU.ActiveCfg = Release|Any CPU
		{47316B40-22D5-4046-96B7-E98D61CD0190}.Release|Any CPU.Build.0 = Release|Any CPU
		{3D888445-F8C0-4876-B594-6B6E51315489}.Debug|Any CPU.ActiveCfg = Debug|Any CPU
		{3D888445-F8C0-4876-B594-6B6E51315489}.Debug|Any CPU.Build.0 = Debug|Any CPU
		{3D888445-F8C0-4876-B594-6B6E51315489}.Release|Any CPU.ActiveCfg = Release|Any CPU
		{3D888445-F8C0-4876-B594-6B6E51315489}.Release|Any CPU.Build.0 = Release|Any CPU
	EndGlobalSection
	GlobalSection(SolutionProperties) = preSolution
		HideSolutionNode = FALSE
	EndGlobalSection
	GlobalSection(ExtensibilityGlobals) = postSolution
		SolutionGuid = {EA5E07A9-BA22-4D66-BAC8-4253DC05A9B5}
	EndGlobalSection
EndGlobal
